// !$*UTF8*$!
{
	archiveVersion = 1;
	classes = {
	};
	objectVersion = 56;
	objects = {

/* Begin PBXBuildFile section */
		B85868962C11F24E00C8A6BE /* Gilroy-Medium.ttf in Resources */ = {isa = PBXBuildFile; fileRef = B85868952C11F24E00C8A6BE /* Gilroy-Medium.ttf */; };
		B858689A2C11F27000C8A6BE /* AppFont.swift in Sources */ = {isa = PBXBuildFile; fileRef = B85868992C11F27000C8A6BE /* AppFont.swift */; };
		B858689E2C11F60300C8A6BE /* Color.xcassets in Resources */ = {isa = PBXBuildFile; fileRef = B858689D2C11F60300C8A6BE /* Color.xcassets */; };
		B85868A02C11F66100C8A6BE /* AppColor.swift in Sources */ = {isa = PBXBuildFile; fileRef = B858689F2C11F66100C8A6BE /* AppColor.swift */; };
		B85C66792C11AA0400801DFC /* TacoShadowApp.swift in Sources */ = {isa = PBXBuildFile; fileRef = B85C66782C11AA0400801DFC /* TacoShadowApp.swift */; };
		B85C667B2C11AA0400801DFC /* ContentView.swift in Sources */ = {isa = PBXBuildFile; fileRef = B85C667A2C11AA0400801DFC /* ContentView.swift */; };
		B85C667D2C11AA0500801DFC /* Images.xcassets in Resources */ = {isa = PBXBuildFile; fileRef = B85C667C2C11AA0500801DFC /* Images.xcassets */; };
		B85C66802C11AA0500801DFC /* Preview Assets.xcassets in Resources */ = {isa = PBXBuildFile; fileRef = B85C667F2C11AA0500801DFC /* Preview Assets.xcassets */; };
		B85C668A2C11AA0500801DFC /* TacoShadowTests.swift in Sources */ = {isa = PBXBuildFile; fileRef = B85C66892C11AA0500801DFC /* TacoShadowTests.swift */; };
		B85C66942C11AA0500801DFC /* TacoShadowUITests.swift in Sources */ = {isa = PBXBuildFile; fileRef = B85C66932C11AA0500801DFC /* TacoShadowUITests.swift */; };
		B85C66962C11AA0500801DFC /* TacoShadowUITestsLaunchTests.swift in Sources */ = {isa = PBXBuildFile; fileRef = B85C66952C11AA0500801DFC /* TacoShadowUITestsLaunchTests.swift */; };
		B864698C2C1DFAFC005F27C1 /* OnboardingView2.swift in Sources */ = {isa = PBXBuildFile; fileRef = B864698B2C1DFAFC005F27C1 /* OnboardingView2.swift */; };
		B864698E2C1DFC7B005F27C1 /* OnboardingView3.swift in Sources */ = {isa = PBXBuildFile; fileRef = B864698D2C1DFC7B005F27C1 /* OnboardingView3.swift */; };
		B8FA770E2C11EB1800A5090E /* OnboardingView.swift in Sources */ = {isa = PBXBuildFile; fileRef = B8FA770D2C11EB1800A5090E /* OnboardingView.swift */; };
		B8FA77102C11ECC100A5090E /* AppImage.swift in Sources */ = {isa = PBXBuildFile; fileRef = B8FA770F2C11ECC100A5090E /* AppImage.swift */; };
/* End PBXBuildFile section */

/* Begin PBXContainerItemProxy section */
		B85C66862C11AA0500801DFC /* PBXContainerItemProxy */ = {
			isa = PBXContainerItemProxy;
			containerPortal = B85C666D2C11AA0400801DFC /* Project object */;
			proxyType = 1;
			remoteGlobalIDString = B85C66742C11AA0400801DFC;
			remoteInfo = TacoShadow;
		};
		B85C66902C11AA0500801DFC /* PBXContainerItemProxy */ = {
			isa = PBXContainerItemProxy;
			containerPortal = B85C666D2C11AA0400801DFC /* Project object */;
			proxyType = 1;
			remoteGlobalIDString = B85C66742C11AA0400801DFC;
			remoteInfo = TacoShadow;
		};
/* End PBXContainerItemProxy section */

/* Begin PBXFileReference section */
		B85868952C11F24E00C8A6BE /* Gilroy-Medium.ttf */ = {isa = PBXFileReference; lastKnownFileType = file; path = "Gilroy-Medium.ttf"; sourceTree = "<group>"; };
		B85868992C11F27000C8A6BE /* AppFont.swift */ = {isa = PBXFileReference; lastKnownFileType = sourcecode.swift; path = AppFont.swift; sourceTree = "<group>"; };
		B858689B2C11F2A500C8A6BE /* Info.plist */ = {isa = PBXFileReference; lastKnownFileType = text.plist; path = Info.plist; sourceTree = "<group>"; };
		B858689D2C11F60300C8A6BE /* Color.xcassets */ = {isa = PBXFileReference; lastKnownFileType = folder.assetcatalog; path = Color.xcassets; sourceTree = "<group>"; };
		B858689F2C11F66100C8A6BE /* AppColor.swift */ = {isa = PBXFileReference; lastKnownFileType = sourcecode.swift; path = AppColor.swift; sourceTree = "<group>"; };
		B85C66752C11AA0400801DFC /* TacoShadow.app */ = {isa = PBXFileReference; explicitFileType = wrapper.application; includeInIndex = 0; path = TacoShadow.app; sourceTree = BUILT_PRODUCTS_DIR; };
		B85C66782C11AA0400801DFC /* TacoShadowApp.swift */ = {isa = PBXFileReference; lastKnownFileType = sourcecode.swift; path = TacoShadowApp.swift; sourceTree = "<group>"; };
		B85C667A2C11AA0400801DFC /* ContentView.swift */ = {isa = PBXFileReference; lastKnownFileType = sourcecode.swift; path = ContentView.swift; sourceTree = "<group>"; };
		B85C667C2C11AA0500801DFC /* Images.xcassets */ = {isa = PBXFileReference; lastKnownFileType = folder.assetcatalog; path = Images.xcassets; sourceTree = "<group>"; };
		B85C667F2C11AA0500801DFC /* Preview Assets.xcassets */ = {isa = PBXFileReference; lastKnownFileType = folder.assetcatalog; path = "Preview Assets.xcassets"; sourceTree = "<group>"; };
		B85C66852C11AA0500801DFC /* TacoShadowTests.xctest */ = {isa = PBXFileReference; explicitFileType = wrapper.cfbundle; includeInIndex = 0; path = TacoShadowTests.xctest; sourceTree = BUILT_PRODUCTS_DIR; };
		B85C66892C11AA0500801DFC /* TacoShadowTests.swift */ = {isa = PBXFileReference; lastKnownFileType = sourcecode.swift; path = TacoShadowTests.swift; sourceTree = "<group>"; };
		B85C668F2C11AA0500801DFC /* TacoShadowUITests.xctest */ = {isa = PBXFileReference; explicitFileType = wrapper.cfbundle; includeInIndex = 0; path = TacoShadowUITests.xctest; sourceTree = BUILT_PRODUCTS_DIR; };
		B85C66932C11AA0500801DFC /* TacoShadowUITests.swift */ = {isa = PBXFileReference; lastKnownFileType = sourcecode.swift; path = TacoShadowUITests.swift; sourceTree = "<group>"; };
		B85C66952C11AA0500801DFC /* TacoShadowUITestsLaunchTests.swift */ = {isa = PBXFileReference; lastKnownFileType = sourcecode.swift; path = TacoShadowUITestsLaunchTests.swift; sourceTree = "<group>"; };
		B864698B2C1DFAFC005F27C1 /* OnboardingView2.swift */ = {isa = PBXFileReference; lastKnownFileType = sourcecode.swift; path = OnboardingView2.swift; sourceTree = "<group>"; };
		B864698D2C1DFC7B005F27C1 /* OnboardingView3.swift */ = {isa = PBXFileReference; lastKnownFileType = sourcecode.swift; path = OnboardingView3.swift; sourceTree = "<group>"; };
		B8FA770D2C11EB1800A5090E /* OnboardingView.swift */ = {isa = PBXFileReference; lastKnownFileType = sourcecode.swift; path = OnboardingView.swift; sourceTree = "<group>"; };
		B8FA770F2C11ECC100A5090E /* AppImage.swift */ = {isa = PBXFileReference; lastKnownFileType = sourcecode.swift; path = AppImage.swift; sourceTree = "<group>"; };
/* End PBXFileReference section */

/* Begin PBXFrameworksBuildPhase section */
		B85C66722C11AA0400801DFC /* Frameworks */ = {
			isa = PBXFrameworksBuildPhase;
			buildActionMask = 2147483647;
			files = (
			);
			runOnlyForDeploymentPostprocessing = 0;
		};
		B85C66822C11AA0500801DFC /* Frameworks */ = {
			isa = PBXFrameworksBuildPhase;
			buildActionMask = 2147483647;
			files = (
			);
			runOnlyForDeploymentPostprocessing = 0;
		};
		B85C668C2C11AA0500801DFC /* Frameworks */ = {
			isa = PBXFrameworksBuildPhase;
			buildActionMask = 2147483647;
			files = (
			);
			runOnlyForDeploymentPostprocessing = 0;
		};
/* End PBXFrameworksBuildPhase section */

/* Begin PBXGroup section */
		B85868972C11F25300C8A6BE /* Fonts */ = {
			isa = PBXGroup;
			children = (
				B85868982C11F25D00C8A6BE /* FontsFiles */,
			);
			path = Fonts;
			sourceTree = "<group>";
		};
		B85868982C11F25D00C8A6BE /* FontsFiles */ = {
			isa = PBXGroup;
			children = (
				B85868992C11F27000C8A6BE /* AppFont.swift */,
				B85868952C11F24E00C8A6BE /* Gilroy-Medium.ttf */,
			);
			path = FontsFiles;
			sourceTree = "<group>";
		};
		B858689C2C11F5E500C8A6BE /* Color */ = {
			isa = PBXGroup;
			children = (
				B858689F2C11F66100C8A6BE /* AppColor.swift */,
				B858689D2C11F60300C8A6BE /* Color.xcassets */,
			);
			path = Color;
			sourceTree = "<group>";
		};
		B85C666C2C11AA0400801DFC = {
			isa = PBXGroup;
			children = (
				B85C66772C11AA0400801DFC /* TacoShadow */,
				B85C66882C11AA0500801DFC /* TacoShadowTests */,
				B85C66922C11AA0500801DFC /* TacoShadowUITests */,
				B85C66762C11AA0400801DFC /* Products */,
			);
			sourceTree = "<group>";
		};
		B85C66762C11AA0400801DFC /* Products */ = {
			isa = PBXGroup;
			children = (
				B85C66752C11AA0400801DFC /* TacoShadow.app */,
				B85C66852C11AA0500801DFC /* TacoShadowTests.xctest */,
				B85C668F2C11AA0500801DFC /* TacoShadowUITests.xctest */,
			);
			name = Products;
			sourceTree = "<group>";
		};
		B85C66772C11AA0400801DFC /* TacoShadow */ = {
			isa = PBXGroup;
			children = (
				B858689B2C11F2A500C8A6BE /* Info.plist */,
				B8FA77052C11E98600A5090E /* Presentation */,
				B8FA77062C11E99100A5090E /* Domain */,
				B8FA77072C11E99500A5090E /* Data */,
				B8FA77082C11E9A800A5090E /* Supporting */,
				B85C667E2C11AA0500801DFC /* Preview Content */,
			);
			path = TacoShadow;
			sourceTree = "<group>";
		};
		B85C667E2C11AA0500801DFC /* Preview Content */ = {
			isa = PBXGroup;
			children = (
				B85C667F2C11AA0500801DFC /* Preview Assets.xcassets */,
			);
			path = "Preview Content";
			sourceTree = "<group>";
		};
		B85C66882C11AA0500801DFC /* TacoShadowTests */ = {
			isa = PBXGroup;
			children = (
				B85C66892C11AA0500801DFC /* TacoShadowTests.swift */,
			);
			path = TacoShadowTests;
			sourceTree = "<group>";
		};
		B85C66922C11AA0500801DFC /* TacoShadowUITests */ = {
			isa = PBXGroup;
			children = (
				B85C66932C11AA0500801DFC /* TacoShadowUITests.swift */,
				B85C66952C11AA0500801DFC /* TacoShadowUITestsLaunchTests.swift */,
			);
			path = TacoShadowUITests;
			sourceTree = "<group>";
		};
		B8FA77052C11E98600A5090E /* Presentation */ = {
			isa = PBXGroup;
			children = (
				B8FA770A2C11EA1D00A5090E /* Moduels */,
			);
			path = Presentation;
			sourceTree = "<group>";
		};
		B8FA77062C11E99100A5090E /* Domain */ = {
			isa = PBXGroup;
			children = (
			);
			path = Domain;
			sourceTree = "<group>";
		};
		B8FA77072C11E99500A5090E /* Data */ = {
			isa = PBXGroup;
			children = (
			);
			path = Data;
			sourceTree = "<group>";
		};
		B8FA77082C11E9A800A5090E /* Supporting */ = {
			isa = PBXGroup;
			children = (
				B858689C2C11F5E500C8A6BE /* Color */,
				B85868972C11F25300C8A6BE /* Fonts */,
				B8FA77092C11E9FB00A5090E /* Images */,
			);
			path = Supporting;
			sourceTree = "<group>";
		};
		B8FA77092C11E9FB00A5090E /* Images */ = {
			isa = PBXGroup;
			children = (
				B8FA770F2C11ECC100A5090E /* AppImage.swift */,
				B85C667C2C11AA0500801DFC /* Images.xcassets */,
			);
			path = Images;
			sourceTree = "<group>";
		};
		B8FA770A2C11EA1D00A5090E /* Moduels */ = {
			isa = PBXGroup;
			children = (
				B8FA770B2C11EA2F00A5090E /* Root */,
				B8FA770C2C11EA4900A5090E /* Onboarding */,
			);
			path = Moduels;
			sourceTree = "<group>";
		};
		B8FA770B2C11EA2F00A5090E /* Root */ = {
			isa = PBXGroup;
			children = (
				B85C66782C11AA0400801DFC /* TacoShadowApp.swift */,
				B85C667A2C11AA0400801DFC /* ContentView.swift */,
			);
			path = Root;
			sourceTree = "<group>";
		};
		B8FA770C2C11EA4900A5090E /* Onboarding */ = {
			isa = PBXGroup;
			children = (
				B8FA770D2C11EB1800A5090E /* OnboardingView.swift */,
				B864698B2C1DFAFC005F27C1 /* OnboardingView2.swift */,
				B864698D2C1DFC7B005F27C1 /* OnboardingView3.swift */,
			);
			path = Onboarding;
			sourceTree = "<group>";
		};
/* End PBXGroup section */

/* Begin PBXNativeTarget section */
		B85C66742C11AA0400801DFC /* TacoShadow */ = {
			isa = PBXNativeTarget;
			buildConfigurationList = B85C66992C11AA0500801DFC /* Build configuration list for PBXNativeTarget "TacoShadow" */;
			buildPhases = (
				B85C66712C11AA0400801DFC /* Sources */,
				B85C66722C11AA0400801DFC /* Frameworks */,
				B85C66732C11AA0400801DFC /* Resources */,
			);
			buildRules = (
			);
			dependencies = (
			);
			name = TacoShadow;
			productName = TacoShadow;
			productReference = B85C66752C11AA0400801DFC /* TacoShadow.app */;
			productType = "com.apple.product-type.application";
		};
		B85C66842C11AA0500801DFC /* TacoShadowTests */ = {
			isa = PBXNativeTarget;
			buildConfigurationList = B85C669C2C11AA0500801DFC /* Build configuration list for PBXNativeTarget "TacoShadowTests" */;
			buildPhases = (
				B85C66812C11AA0500801DFC /* Sources */,
				B85C66822C11AA0500801DFC /* Frameworks */,
				B85C66832C11AA0500801DFC /* Resources */,
			);
			buildRules = (
			);
			dependencies = (
				B85C66872C11AA0500801DFC /* PBXTargetDependency */,
			);
			name = TacoShadowTests;
			productName = TacoShadowTests;
			productReference = B85C66852C11AA0500801DFC /* TacoShadowTests.xctest */;
			productType = "com.apple.product-type.bundle.unit-test";
		};
		B85C668E2C11AA0500801DFC /* TacoShadowUITests */ = {
			isa = PBXNativeTarget;
			buildConfigurationList = B85C669F2C11AA0500801DFC /* Build configuration list for PBXNativeTarget "TacoShadowUITests" */;
			buildPhases = (
				B85C668B2C11AA0500801DFC /* Sources */,
				B85C668C2C11AA0500801DFC /* Frameworks */,
				B85C668D2C11AA0500801DFC /* Resources */,
			);
			buildRules = (
			);
			dependencies = (
				B85C66912C11AA0500801DFC /* PBXTargetDependency */,
			);
			name = TacoShadowUITests;
			productName = TacoShadowUITests;
			productReference = B85C668F2C11AA0500801DFC /* TacoShadowUITests.xctest */;
			productType = "com.apple.product-type.bundle.ui-testing";
		};
/* End PBXNativeTarget section */

/* Begin PBXProject section */
		B85C666D2C11AA0400801DFC /* Project object */ = {
			isa = PBXProject;
			attributes = {
				BuildIndependentTargetsInParallel = 1;
				LastSwiftUpdateCheck = 1520;
				LastUpgradeCheck = 1520;
				TargetAttributes = {
					B85C66742C11AA0400801DFC = {
						CreatedOnToolsVersion = 15.2;
					};
					B85C66842C11AA0500801DFC = {
						CreatedOnToolsVersion = 15.2;
						TestTargetID = B85C66742C11AA0400801DFC;
					};
					B85C668E2C11AA0500801DFC = {
						CreatedOnToolsVersion = 15.2;
						TestTargetID = B85C66742C11AA0400801DFC;
					};
				};
			};
			buildConfigurationList = B85C66702C11AA0400801DFC /* Build configuration list for PBXProject "TacoShadow" */;
			compatibilityVersion = "Xcode 14.0";
			developmentRegion = en;
			hasScannedForEncodings = 0;
			knownRegions = (
				en,
				Base,
			);
			mainGroup = B85C666C2C11AA0400801DFC;
			productRefGroup = B85C66762C11AA0400801DFC /* Products */;
			projectDirPath = "";
			projectRoot = "";
			targets = (
				B85C66742C11AA0400801DFC /* TacoShadow */,
				B85C66842C11AA0500801DFC /* TacoShadowTests */,
				B85C668E2C11AA0500801DFC /* TacoShadowUITests */,
			);
		};
/* End PBXProject section */

/* Begin PBXResourcesBuildPhase section */
		B85C66732C11AA0400801DFC /* Resources */ = {
			isa = PBXResourcesBuildPhase;
			buildActionMask = 2147483647;
			files = (
				B85C66802C11AA0500801DFC /* Preview Assets.xcassets in Resources */,
				B858689E2C11F60300C8A6BE /* Color.xcassets in Resources */,
				B85868962C11F24E00C8A6BE /* Gilroy-Medium.ttf in Resources */,
				B85C667D2C11AA0500801DFC /* Images.xcassets in Resources */,
			);
			runOnlyForDeploymentPostprocessing = 0;
		};
		B85C66832C11AA0500801DFC /* Resources */ = {
			isa = PBXResourcesBuildPhase;
			buildActionMask = 2147483647;
			files = (
			);
			runOnlyForDeploymentPostprocessing = 0;
		};
		B85C668D2C11AA0500801DFC /* Resources */ = {
			isa = PBXResourcesBuildPhase;
			buildActionMask = 2147483647;
			files = (
			);
			runOnlyForDeploymentPostprocessing = 0;
		};
/* End PBXResourcesBuildPhase section */

/* Begin PBXSourcesBuildPhase section */
		B85C66712C11AA0400801DFC /* Sources */ = {
			isa = PBXSourcesBuildPhase;
			buildActionMask = 2147483647;
			files = (
				B8FA770E2C11EB1800A5090E /* OnboardingView.swift in Sources */,
				B864698E2C1DFC7B005F27C1 /* OnboardingView3.swift in Sources */,
				B858689A2C11F27000C8A6BE /* AppFont.swift in Sources */,
				B8FA77102C11ECC100A5090E /* AppImage.swift in Sources */,
				B85C667B2C11AA0400801DFC /* ContentView.swift in Sources */,
				B85C66792C11AA0400801DFC /* TacoShadowApp.swift in Sources */,
				B864698C2C1DFAFC005F27C1 /* OnboardingView2.swift in Sources */,
				B85868A02C11F66100C8A6BE /* AppColor.swift in Sources */,
			);
			runOnlyForDeploymentPostprocessing = 0;
		};
		B85C66812C11AA0500801DFC /* Sources */ = {
			isa = PBXSourcesBuildPhase;
			buildActionMask = 2147483647;
			files = (
				B85C668A2C11AA0500801DFC /* TacoShadowTests.swift in Sources */,
			);
			runOnlyForDeploymentPostprocessing = 0;
		};
		B85C668B2C11AA0500801DFC /* Sources */ = {
			isa = PBXSourcesBuildPhase;
			buildActionMask = 2147483647;
			files = (
				B85C66942C11AA0500801DFC /* TacoShadowUITests.swift in Sources */,
				B85C66962C11AA0500801DFC /* TacoShadowUITestsLaunchTests.swift in Sources */,
			);
			runOnlyForDeploymentPostprocessing = 0;
		};
/* End PBXSourcesBuildPhase section */

/* Begin PBXTargetDependency section */
		B85C66872C11AA0500801DFC /* PBXTargetDependency */ = {
			isa = PBXTargetDependency;
			target = B85C66742C11AA0400801DFC /* TacoShadow */;
			targetProxy = B85C66862C11AA0500801DFC /* PBXContainerItemProxy */;
		};
		B85C66912C11AA0500801DFC /* PBXTargetDependency */ = {
			isa = PBXTargetDependency;
			target = B85C66742C11AA0400801DFC /* TacoShadow */;
			targetProxy = B85C66902C11AA0500801DFC /* PBXContainerItemProxy */;
		};
/* End PBXTargetDependency section */

/* Begin XCBuildConfiguration section */
		B85C66972C11AA0500801DFC /* Debug */ = {
			isa = XCBuildConfiguration;
			buildSettings = {
				ALWAYS_SEARCH_USER_PATHS = NO;
				ASSETCATALOG_COMPILER_GENERATE_SWIFT_ASSET_SYMBOL_EXTENSIONS = YES;
				CLANG_ANALYZER_NONNULL = YES;
				CLANG_ANALYZER_NUMBER_OBJECT_CONVERSION = YES_AGGRESSIVE;
				CLANG_CXX_LANGUAGE_STANDARD = "gnu++20";
				CLANG_ENABLE_MODULES = YES;
				CLANG_ENABLE_OBJC_ARC = YES;
				CLANG_ENABLE_OBJC_WEAK = YES;
				CLANG_WARN_BLOCK_CAPTURE_AUTORELEASING = YES;
				CLANG_WARN_BOOL_CONVERSION = YES;
				CLANG_WARN_COMMA = YES;
				CLANG_WARN_CONSTANT_CONVERSION = YES;
				CLANG_WARN_DEPRECATED_OBJC_IMPLEMENTATIONS = YES;
				CLANG_WARN_DIRECT_OBJC_ISA_USAGE = YES_ERROR;
				CLANG_WARN_DOCUMENTATION_COMMENTS = YES;
				CLANG_WARN_EMPTY_BODY = YES;
				CLANG_WARN_ENUM_CONVERSION = YES;
				CLANG_WARN_INFINITE_RECURSION = YES;
				CLANG_WARN_INT_CONVERSION = YES;
				CLANG_WARN_NON_LITERAL_NULL_CONVERSION = YES;
				CLANG_WARN_OBJC_IMPLICIT_RETAIN_SELF = YES;
				CLANG_WARN_OBJC_LITERAL_CONVERSION = YES;
				CLANG_WARN_OBJC_ROOT_CLASS = YES_ERROR;
				CLANG_WARN_QUOTED_INCLUDE_IN_FRAMEWORK_HEADER = YES;
				CLANG_WARN_RANGE_LOOP_ANALYSIS = YES;
				CLANG_WARN_STRICT_PROTOTYPES = YES;
				CLANG_WARN_SUSPICIOUS_MOVE = YES;
				CLANG_WARN_UNGUARDED_AVAILABILITY = YES_AGGRESSIVE;
				CLANG_WARN_UNREACHABLE_CODE = YES;
				CLANG_WARN__DUPLICATE_METHOD_MATCH = YES;
				COPY_PHASE_STRIP = NO;
				DEBUG_INFORMATION_FORMAT = dwarf;
				ENABLE_STRICT_OBJC_MSGSEND = YES;
				ENABLE_TESTABILITY = YES;
				ENABLE_USER_SCRIPT_SANDBOXING = YES;
				GCC_C_LANGUAGE_STANDARD = gnu17;
				GCC_DYNAMIC_NO_PIC = NO;
				GCC_NO_COMMON_BLOCKS = YES;
				GCC_OPTIMIZATION_LEVEL = 0;
				GCC_PREPROCESSOR_DEFINITIONS = (
					"DEBUG=1",
					"$(inherited)",
				);
				GCC_WARN_64_TO_32_BIT_CONVERSION = YES;
				GCC_WARN_ABOUT_RETURN_TYPE = YES_ERROR;
				GCC_WARN_UNDECLARED_SELECTOR = YES;
				GCC_WARN_UNINITIALIZED_AUTOS = YES_AGGRESSIVE;
				GCC_WARN_UNUSED_FUNCTION = YES;
				GCC_WARN_UNUSED_VARIABLE = YES;
				IPHONEOS_DEPLOYMENT_TARGET = 17.2;
				LOCALIZATION_PREFERS_STRING_CATALOGS = YES;
				MTL_ENABLE_DEBUG_INFO = INCLUDE_SOURCE;
				MTL_FAST_MATH = YES;
				ONLY_ACTIVE_ARCH = YES;
				SDKROOT = iphoneos;
				SWIFT_ACTIVE_COMPILATION_CONDITIONS = "DEBUG $(inherited)";
				SWIFT_OPTIMIZATION_LEVEL = "-Onone";
			};
			name = Debug;
		};
		B85C66982C11AA0500801DFC /* Release */ = {
			isa = XCBuildConfiguration;
			buildSettings = {
				ALWAYS_SEARCH_USER_PATHS = NO;
				ASSETCATALOG_COMPILER_GENERATE_SWIFT_ASSET_SYMBOL_EXTENSIONS = YES;
				CLANG_ANALYZER_NONNULL = YES;
				CLANG_ANALYZER_NUMBER_OBJECT_CONVERSION = YES_AGGRESSIVE;
				CLANG_CXX_LANGUAGE_STANDARD = "gnu++20";
				CLANG_ENABLE_MODULES = YES;
				CLANG_ENABLE_OBJC_ARC = YES;
				CLANG_ENABLE_OBJC_WEAK = YES;
				CLANG_WARN_BLOCK_CAPTURE_AUTORELEASING = YES;
				CLANG_WARN_BOOL_CONVERSION = YES;
				CLANG_WARN_COMMA = YES;
				CLANG_WARN_CONSTANT_CONVERSION = YES;
				CLANG_WARN_DEPRECATED_OBJC_IMPLEMENTATIONS = YES;
				CLANG_WARN_DIRECT_OBJC_ISA_USAGE = YES_ERROR;
				CLANG_WARN_DOCUMENTATION_COMMENTS = YES;
				CLANG_WARN_EMPTY_BODY = YES;
				CLANG_WARN_ENUM_CONVERSION = YES;
				CLANG_WARN_INFINITE_RECURSION = YES;
				CLANG_WARN_INT_CONVERSION = YES;
				CLANG_WARN_NON_LITERAL_NULL_CONVERSION = YES;
				CLANG_WARN_OBJC_IMPLICIT_RETAIN_SELF = YES;
				CLANG_WARN_OBJC_LITERAL_CONVERSION = YES;
				CLANG_WARN_OBJC_ROOT_CLASS = YES_ERROR;
				CLANG_WARN_QUOTED_INCLUDE_IN_FRAMEWORK_HEADER = YES;
				CLANG_WARN_RANGE_LOOP_ANALYSIS = YES;
				CLANG_WARN_STRICT_PROTOTYPES = YES;
				CLANG_WARN_SUSPICIOUS_MOVE = YES;
				CLANG_WARN_UNGUARDED_AVAILABILITY = YES_AGGRESSIVE;
				CLANG_WARN_UNREACHABLE_CODE = YES;
				CLANG_WARN__DUPLICATE_METHOD_MATCH = YES;
				COPY_PHASE_STRIP = NO;
				DEBUG_INFORMATION_FORMAT = "dwarf-with-dsym";
				ENABLE_NS_ASSERTIONS = NO;
				ENABLE_STRICT_OBJC_MSGSEND = YES;
				ENABLE_USER_SCRIPT_SANDBOXING = YES;
				GCC_C_LANGUAGE_STANDARD = gnu17;
				GCC_NO_COMMON_BLOCKS = YES;
				GCC_WARN_64_TO_32_BIT_CONVERSION = YES;
				GCC_WARN_ABOUT_RETURN_TYPE = YES_ERROR;
				GCC_WARN_UNDECLARED_SELECTOR = YES;
				GCC_WARN_UNINITIALIZED_AUTOS = YES_AGGRESSIVE;
				GCC_WARN_UNUSED_FUNCTION = YES;
				GCC_WARN_UNUSED_VARIABLE = YES;
				IPHONEOS_DEPLOYMENT_TARGET = 17.2;
				LOCALIZATION_PREFERS_STRING_CATALOGS = YES;
				MTL_ENABLE_DEBUG_INFO = NO;
				MTL_FAST_MATH = YES;
				SDKROOT = iphoneos;
				SWIFT_COMPILATION_MODE = wholemodule;
				VALIDATE_PRODUCT = YES;
			};
			name = Release;
		};
		B85C669A2C11AA0500801DFC /* Debug */ = {
			isa = XCBuildConfiguration;
			buildSettings = {
				ASSETCATALOG_COMPILER_APPICON_NAME = AppIcon;
				ASSETCATALOG_COMPILER_GLOBAL_ACCENT_COLOR_NAME = AccentColor;
				CODE_SIGN_STYLE = Automatic;
				CURRENT_PROJECT_VERSION = 1;
				DEVELOPMENT_ASSET_PATHS = "\"TacoShadow/Preview Content\"";
				DEVELOPMENT_TEAM = QB47SURCBJ;
				ENABLE_PREVIEWS = YES;
				GENERATE_INFOPLIST_FILE = YES;
				INFOPLIST_FILE = TacoShadow/Info.plist;
				INFOPLIST_KEY_UIApplicationSceneManifest_Generation = YES;
				INFOPLIST_KEY_UIApplicationSupportsIndirectInputEvents = YES;
				INFOPLIST_KEY_UILaunchScreen_Generation = YES;
				INFOPLIST_KEY_UISupportedInterfaceOrientations_iPad = "UIInterfaceOrientationPortrait UIInterfaceOrientationPortraitUpsideDown UIInterfaceOrientationLandscapeLeft UIInterfaceOrientationLandscapeRight";
				INFOPLIST_KEY_UISupportedInterfaceOrientations_iPhone = "UIInterfaceOrientationPortrait UIInterfaceOrientationLandscapeLeft UIInterfaceOrientationLandscapeRight";
				LD_RUNPATH_SEARCH_PATHS = (
					"$(inherited)",
					"@executable_path/Frameworks",
				);
				MARKETING_VERSION = 1.0;
				PRODUCT_BUNDLE_IDENTIFIER = com.taco.TacoShadow;
				PRODUCT_NAME = "$(TARGET_NAME)";
				SWIFT_EMIT_LOC_STRINGS = YES;
				SWIFT_VERSION = 5.0;
				TARGETED_DEVICE_FAMILY = "1,2";
			};
			name = Debug;
		};
		B85C669B2C11AA0500801DFC /* Release */ = {
			isa = XCBuildConfiguration;
			buildSettings = {
				ASSETCATALOG_COMPILER_APPICON_NAME = AppIcon;
				ASSETCATALOG_COMPILER_GLOBAL_ACCENT_COLOR_NAME = AccentColor;
				CODE_SIGN_STYLE = Automatic;
				CURRENT_PROJECT_VERSION = 1;
				DEVELOPMENT_ASSET_PATHS = "\"TacoShadow/Preview Content\"";
				DEVELOPMENT_TEAM = QB47SURCBJ;
				ENABLE_PREVIEWS = YES;
				GENERATE_INFOPLIST_FILE = YES;
				INFOPLIST_FILE = TacoShadow/Info.plist;
				INFOPLIST_KEY_UIApplicationSceneManifest_Generation = YES;
				INFOPLIST_KEY_UIApplicationSupportsIndirectInputEvents = YES;
				INFOPLIST_KEY_UILaunchScreen_Generation = YES;
				INFOPLIST_KEY_UISupportedInterfaceOrientations_iPad = "UIInterfaceOrientationPortrait UIInterfaceOrientationPortraitUpsideDown UIInterfaceOrientationLandscapeLeft UIInterfaceOrientationLandscapeRight";
				INFOPLIST_KEY_UISupportedInterfaceOrientations_iPhone = "UIInterfaceOrientationPortrait UIInterfaceOrientationLandscapeLeft UIInterfaceOrientationLandscapeRight";
				LD_RUNPATH_SEARCH_PATHS = (
					"$(inherited)",
					"@executable_path/Frameworks",
				);
				MARKETING_VERSION = 1.0;
				PRODUCT_BUNDLE_IDENTIFIER = com.taco.TacoShadow;
				PRODUCT_NAME = "$(TARGET_NAME)";
				SWIFT_EMIT_LOC_STRINGS = YES;
				SWIFT_VERSION = 5.0;
				TARGETED_DEVICE_FAMILY = "1,2";
			};
			name = Release;
		};
		B85C669D2C11AA0500801DFC /* Debug */ = {
			isa = XCBuildConfiguration;
			buildSettings = {
				ALWAYS_EMBED_SWIFT_STANDARD_LIBRARIES = YES;
				BUNDLE_LOADER = "$(TEST_HOST)";
				CODE_SIGN_STYLE = Automatic;
				CURRENT_PROJECT_VERSION = 1;
				DEVELOPMENT_TEAM = QB47SURCBJ;
				GENERATE_INFOPLIST_FILE = YES;
				IPHONEOS_DEPLOYMENT_TARGET = 17.2;
				MARKETING_VERSION = 1.0;
				PRODUCT_BUNDLE_IDENTIFIER = com.taco.TacoShadowTests;
				PRODUCT_NAME = "$(TARGET_NAME)";
				SWIFT_EMIT_LOC_STRINGS = NO;
				SWIFT_VERSION = 5.0;
				TARGETED_DEVICE_FAMILY = "1,2";
				TEST_HOST = "$(BUILT_PRODUCTS_DIR)/TacoShadow.app/$(BUNDLE_EXECUTABLE_FOLDER_PATH)/TacoShadow";
			};
			name = Debug;
		};
		B85C669E2C11AA0500801DFC /* Release */ = {
			isa = XCBuildConfiguration;
			buildSettings = {
				ALWAYS_EMBED_SWIFT_STANDARD_LIBRARIES = YES;
				BUNDLE_LOADER = "$(TEST_HOST)";
				CODE_SIGN_STYLE = Automatic;
				CURRENT_PROJECT_VERSION = 1;
				DEVELOPMENT_TEAM = QB47SURCBJ;
				GENERATE_INFOPLIST_FILE = YES;
				IPHONEOS_DEPLOYMENT_TARGET = 17.2;
				MARKETING_VERSION = 1.0;
				PRODUCT_BUNDLE_IDENTIFIER = com.taco.TacoShadowTests;
				PRODUCT_NAME = "$(TARGET_NAME)";
				SWIFT_EMIT_LOC_STRINGS = NO;
				SWIFT_VERSION = 5.0;
				TARGETED_DEVICE_FAMILY = "1,2";
				TEST_HOST = "$(BUILT_PRODUCTS_DIR)/TacoShadow.app/$(BUNDLE_EXECUTABLE_FOLDER_PATH)/TacoShadow";
			};
			name = Release;
		};
		B85C66A02C11AA0500801DFC /* Debug */ = {
			isa = XCBuildConfiguration;
			buildSettings = {
				ALWAYS_EMBED_SWIFT_STANDARD_LIBRARIES = YES;
				CODE_SIGN_STYLE = Automatic;
				CURRENT_PROJECT_VERSION = 1;
				DEVELOPMENT_TEAM = QB47SURCBJ;
				GENERATE_INFOPLIST_FILE = YES;
				MARKETING_VERSION = 1.0;
				PRODUCT_BUNDLE_IDENTIFIER = com.taco.TacoShadowUITests;
				PRODUCT_NAME = "$(TARGET_NAME)";
				SWIFT_EMIT_LOC_STRINGS = NO;
				SWIFT_VERSION = 5.0;
				TARGETED_DEVICE_FAMILY = "1,2";
				TEST_TARGET_NAME = TacoShadow;
			};
			name = Debug;
		};
		B85C66A12C11AA0500801DFC /* Release */ = {
			isa = XCBuildConfiguration;
			buildSettings = {
				ALWAYS_EMBED_SWIFT_STANDARD_LIBRARIES = YES;
				CODE_SIGN_STYLE = Automatic;
				CURRENT_PROJECT_VERSION = 1;
				DEVELOPMENT_TEAM = QB47SURCBJ;
				GENERATE_INFOPLIST_FILE = YES;
				MARKETING_VERSION = 1.0;
				PRODUCT_BUNDLE_IDENTIFIER = com.taco.TacoShadowUITests;
				PRODUCT_NAME = "$(TARGET_NAME)";
				SWIFT_EMIT_LOC_STRINGS = NO;
				SWIFT_VERSION = 5.0;
				TARGETED_DEVICE_FAMILY = "1,2";
				TEST_TARGET_NAME = TacoShadow;
			};
			name = Release;
		};
/* End XCBuildConfiguration section */

/* Begin XCConfigurationList section */
		B85C66702C11AA0400801DFC /* Build configuration list for PBXProject "TacoShadow" */ = {
			isa = XCConfigurationList;
			buildConfigurations = (
				B85C66972C11AA0500801DFC /* Debug */,
				B85C66982C11AA0500801DFC /* Release */,
			);
			defaultConfigurationIsVisible = 0;
			defaultConfigurationName = Release;
		};
		B85C66992C11AA0500801DFC /* Build configuration list for PBXNativeTarget "TacoShadow" */ = {
			isa = XCConfigurationList;
			buildConfigurations = (
				B85C669A2C11AA0500801DFC /* Debug */,
				B85C669B2C11AA0500801DFC /* Release */,
			);
			defaultConfigurationIsVisible = 0;
			defaultConfigurationName = Release;
		};
		B85C669C2C11AA0500801DFC /* Build configuration list for PBXNativeTarget "TacoShadowTests" */ = {
			isa = XCConfigurationList;
			buildConfigurations = (
				B85C669D2C11AA0500801DFC /* Debug */,
				B85C669E2C11AA0500801DFC /* Release */,
			);
			defaultConfigurationIsVisible = 0;
			defaultConfigurationName = Release;
		};
		B85C669F2C11AA0500801DFC /* Build configuration list for PBXNativeTarget "TacoShadowUITests" */ = {
			isa = XCConfigurationList;
			buildConfigurations = (
				B85C66A02C11AA0500801DFC /* Debug */,
				B85C66A12C11AA0500801DFC /* Release */,
			);
			defaultConfigurationIsVisible = 0;
			defaultConfigurationName = Release;
		};
/* End XCConfigurationList section */
	};
	rootObject = B85C666D2C11AA0400801DFC /* Project object */;
}
